github.com/Masterminds/semver/v3 v3.4.0 h1:Zog+i5UMtVoCU8oKka5P7i9q9HgrJeGzI9SA1Xbatp0=
github.com/Masterminds/semver/v3 v3.4.0/go.mod h1:4V+yj/TJE1HU9XfppCwVMZq3I84lprf4nC11bSS5beM=
github.com/go-composites/array v0.0.0-20260621062820-1aa11b71d5d6 h1:gJG8ekSggliP8pmp4R+VCqq2nGq5BLiyEoO0BHDOYl4=
github.com/go-composites/array v0.0.0-20260621062820-1aa11b71d5d6/go.mod h1:hhWmL0cQYEqlwbktG0uhz17sTRDcq1Gtgs1FO9aI+gU=
github.com/go-composites/bag v0.0.0-20260621180003-a1aa1a8eec62 h1:HcBdYJtXHSQ8AoGdyfpN5CU19d3dZ11kv13IxXWpcd8=
github.com/go-composites/bag v0.0.0-20260621180003-a1aa1a8eec62/go.mod h1:7Fnlw3jRLBt7bLkwddO8zdOAD1d4PRYhE1M3wPvTe6c=
github.com/go-composites/bigfloat v0.0.0-20260621182601-a3f86ca9330d h1:ja934uqRP89wGEXI8hheXZwn0zBg+O7gRuB5izHPTTk=
github.com/go-composites/bigfloat v0.0.0-20260621182601-a3f86ca9330d/go.mod h1:GO9D8wd3+kDK00/NcpTJK1dx+p+ecGbOPPZcgCifZJY=
github.com/go-composites/date v0.0.0-20260621182336-3423c9afe5fe h1:yEJlneGevTHI25Ua+pSXFOwJzFmAWggBIngyVZ8xTJc=
github.com/go-composites/date v0.0.0-20260621182336-3423c9afe5fe/go.mod h1:JVYwzG9Z9fmIWf259cHUQwBFfufME4hLvG7EENI4UOA=
github.com/go-composites/error v0.0.0-20260621061850-8f949885a586 h1:gA6h4DA7NSiDoqwYDMUlQ2LO/dWx3VBq41nHIMQJskI=
github.com/go-composites/error v0.0.0-20260621061850-8f949885a586/go.mod h1:9Lf1BQDdG/DDzw+WaWctBOzk69PTLjREAiPcKfSUilU=
github.com/go-composites/null v0.0.0-20260621061849-c8074799d5aa h1:C7LXruttK94qEUNp4HV5Cqcxt+kp5NXSB0nxKVa0N+c=
github.com/go-composites/null v0.0.0-20260621061849-c8074799d5aa/go.mod h1:6cSkTkpvobmk2/FSOCRu928lYmWCp87HyCSffyQFhVk=
github.com/go-composites/result v0.0.0-20260621164801-bc2eac479381 h1:lefnD/dZINKBoIevcl16pbzh1A8B9jifm9rhenBkWUg=
github.com/go-composites/result v0.0.0-20260621164801-bc2eac479381/go.mod h1:U8jOcQwbbSwQ3E5geccvv0lkwNv89piHYG/Jj1w18JQ=
github.com/go-composites/set v0.0.0-20260620192142-23f1a50c2b92 h1:1WaNiMYdoCjnTzmQ7wQZpHsFf4ajYJmLGiwCNweBU/g=
github.com/go-composites/set v0.0.0-20260620192142-23f1a50c2b92/go.mod h1:Bm8nl0DFyeX7Ux9WF9Y4wBfdRXGvBsPmhN/lJx/mcy4=
github.com/go-composites/time v0.0.0-20260620202627-52c1ec9f0af0 h1:T13Rk67KSsuSbv0n15AbxSYeSRCrzcTRB0xPCdF6pYo=
github.com/go-composites/time v0.0.0-20260620202627-52c1ec9f0af0/go.mod h1:Cx3vT/o0Mo7W3klXPmdwjKWti2XLOqoLjcimGiChI7s=
github.com/go-embedded-ruby/ruby v0.0.0-20260623171000-045761e10d36 h1:i+i0/6jWjcOxJMMDJFclk6eUcbsT40gUPFoXjw1CeBQ=
github.com/go-embedded-ruby/ruby v0.0.0-20260623171000-045761e10d36/go.mod h1:8GDPXSqp3023Ew/18LlMFuKGHoofj20XBUpO0W2ceUU=
github.com/go-fft/fft v0.0.0-20260620110530-0e3ca1747acb h1:kDAxBx5Tvd3PfDIqCgV3J4cpXejsJOOsiKGYQiDTJB4=
github.com/go-fft/fft v0.0.0-20260620110530-0e3ca1747acb/go.mod h1:KcAewzZmZpMxeylWZGp0/R9p03sInnPQW8B4ttL6WCc=
github.com/go-images/images v0.0.0-20260620184442-aa6cd1c0beb7 h1:An6RqRRubdqPxi0ldJaKVYJzpPrBaj0wt3cYmprKzi4=
github.com/go-images/images v0.0.0-20260620184442-aa6cd1c0beb7/go.mod h1:nWwQCf77xG1GhaSD3rvlp7FNjjDhz47vrztyeBvIerk=
github.com/go-logr/logr v1.4.3 h1:CjnDlHq8ikf6E492q6eKboGOC0T8CDaOvkHCIg8idEI=
github.com/go-logr/logr v1.4.3/go.mod h1:9T104GzyrTigFIr8wt5mBrctHMim0Nb2HLGrmQ40KvY=
github.com/go-ndarray/ndarray v0.0.0-20260620170009-555bfc31e7a3 h1:oqUg3BkpFqPqIhLG1RXFW4gpBGWN4mq5FyOqOvjc6gg=
github.com/go-ndarray/ndarray v0.0.0-20260620170009-555bfc31e7a3/go.mod h1:CZPf0P3FjwYlphONFD0ZAjE+/eaixCZYvYhm6QqmqsU=
github.com/go-ruby-marshal/marshal v0.0.0-20260622114304-27ed1baddd9f h1:IIBuHgiQJbssGPhrUbagvP74febWhmKxiNk7IQq1//g=
github.com/go-ruby-marshal/marshal v0.0.0-20260622114304-27ed1baddd9f/go.mod h1:UpjSgWGcQSNt0ARWuHKwf0P55LkwZ65vuqoRPSKctZ8=
github.com/go-ruby-parser/parser v0.0.0-20260623170906-753af1b3721a h1:i6Xmr7VFNaRVAPOddTLRH2x5EU84iyr0kaKHiU+u5Jo=
github.com/go-ruby-parser/parser v0.0.0-20260623170906-753af1b3721a/go.mod h1:NRbX4dYcQ6CgcaSaMmu1dh95QuKGq+RdenUoWU73214=
github.com/go-ruby-regexp/regexp v0.0.0-20260622075631-3a277cf71b81 h1:821uMDal5Ui+YQ4/B5XSF+IVUW285IxblO2XHqbu9Dg=
github.com/go-ruby-regexp/regexp v0.0.0-20260622075631-3a277cf71b81/go.mod h1:+0nK2X+aCPMO91bPMM/DT1OFUIzFQeoTPGkkOR3kd84=
github.com/go-task/slim-sprig/v3 v3.0.0 h1:sUs3vkvUymDpBKi3qH1YSqBQk9+9D/8M2mN1vB6EwHI=
github.com/go-task/slim-sprig/v3 v3.0.0/go.mod h1:W848ghGpv3Qj3dhTPRyJypKRiqCdHZiAzKg9hl15HA8=
github.com/go-widgets/painter v0.1.1-0.20260706170118-01dc3241c587 h1:vDqry+LhhEzgrTmyKKiohmHB2ypbOuT8vGZCfX+FlSo=
github.com/go-widgets/painter v0.1.1-0.20260706170118-01dc3241c587/go.mod h1:ccmlkH2UmcXQh6rt9Fu2eDt2RI0B5V0POaGmUKeW0EQ=
github.com/go-widgets/painter v0.1.1-0.20260706183023-1373a47de8fc h1:c7v5cf1Ny4aNxom1Np5yDUhljVl/YCc4vPEigCGQE7k=
github.com/go-widgets/painter v0.1.1-0.20260706183023-1373a47de8fc/go.mod h1:ccmlkH2UmcXQh6rt9Fu2eDt2RI0B5V0POaGmUKeW0EQ=
github.com/go-widgets/toolkit v0.9.3-0.20260706170132-bd2ef32bf2a6 h1:h0PyBCFniiQIAND5N6ZL6AN69F2c430XBYiMoads2uo=
github.com/go-widgets/toolkit v0.9.3-0.20260706170132-bd2ef32bf2a6/go.mod h1:gdsk+M0w/DlH+eHCKXd8TjkWN4gswdm5r69J7NVIOTg=
github.com/go-widgets/toolkit v0.9.3-0.20260706183657-7361506703ed h1:9/ZSfiZBN8bIobF2efm1AEFSiVGW2z7kkOw1U1jZbY8=
github.com/go-widgets/toolkit v0.9.3-0.20260706183657-7361506703ed/go.mod h1:mP4rHHGZ1DaC2VBuEqzBGTg1sm00Xl/eNOU6cIwSa1o=
github.com/go-widgets/toolkit v0.9.3-0.20260706190404-03d62e897dd7 h1:PEN8cAdoABhE74rTzF+P0w+L0eVHtND3oXhSgAevMWI=
github.com/go-widgets/toolkit v0.9.3-0.20260706190404-03d62e897dd7/go.mod h1:mP4rHHGZ1DaC2VBuEqzBGTg1sm00Xl/eNOU6cIwSa1o=
github.com/go-widgets/toolkit v0.9.4-0.20260707074045-9fcfc25f2aa8 h1:L7cen3yBeQObyWKYh1Ev7Qw6jaXYQLdilAylud5gJnI=
github.com/go-widgets/toolkit v0.9.4-0.20260707074045-9fcfc25f2aa8/go.mod h1:mP4rHHGZ1DaC2VBuEqzBGTg1sm00Xl/eNOU6cIwSa1o=
github.com/google/go-cmp v0.7.0 h1:wk8382ETsv4JYUZwIsn6YpYiWiBsYLSJiTsyBybVuN8=
github.com/google/go-cmp v0.7.0/go.mod h1:pXiqmnSA92OHEEa9HXL2W4E7lf9JzCmGVUdgjX3N/iU=
github.com/google/pprof v0.0.0-20260402051712-545e8a4df936 h1:EwtI+Al+DeppwYX2oXJCETMO23COyaKGP6fHVpkpWpg=
github.com/google/pprof v0.0.0-20260402051712-545e8a4df936/go.mod h1:MxpfABSjhmINe3F1It9d+8exIHFvUqtLIRCdOGNXqiI=
github.com/onsi/ginkgo/v2 v2.31.0 h1:GtuJos5DFUV9EerYJo8RhYxosYNGvOdDE5haKq6Grfs=
github.com/onsi/ginkgo/v2 v2.31.0/go.mod h1:+aXOY+vzZ5mu2iI2HpTZUPmM//oQfsNFX6gU9kNcA44=
github.com/onsi/gomega v1.42.0 h1:CJby8u36xb7v34W78F8WKvqTQP7PCMIPB78IVDB73l4=
github.com/onsi/gomega v1.42.0/go.mod h1:M/Uqpu/8qTjtzCLUA2zJHX9Iilrau25x1PdoSRbWh5A=
github.com/wasmdesk/coreutils v0.0.0-20260629060422-c37bd87ae249 h1:dQciDE8xsJNgBWe/C/ieAX3pQ+Po3qEI+fJXrSRTIuU=
github.com/wasmdesk/coreutils v0.0.0-20260629060422-c37bd87ae249/go.mod h1:p3Xd1+E1XTnjPNZSdiM7sxER+/2vOib6G0WOaDN17l8=
go.yaml.in/yaml/v3 v3.0.4 h1:tfq32ie2Jv2UxXFdLJdh3jXuOzWiL1fo0bu/FbuKpbc=
go.yaml.in/yaml/v3 v3.0.4/go.mod h1:DhzuOOF2ATzADvBadXxruRBLzYTpT36CKvDb3+aBEFg=
golang.org/x/mod v0.37.0 h1:vF1DjpVEshcIqoEaauuHebaLk1O1forxjxBaVn884JQ=
golang.org/x/mod v0.37.0/go.mod h1:m8S8VeM9r4dzDwjrKO0a1sZP3YjeMamRRlD+fmR2Q/0=
golang.org/x/net v0.56.0 h1:Rw8j/hFzGvJUZwNBXnAtf5sVDVt+65SK2C7IxCxZt5o=
golang.org/x/net v0.56.0/go.mod h1:D3Ku6r+V6JROoZK144D2XfMHFcMq/0zSfLelVTCFKec=
golang.org/x/sync v0.21.0 h1:HLII4xRRTtCRkxYp4HNFF0Js/Og6q2i++KXbg0gHCwM=
golang.org/x/sync v0.21.0/go.mod h1:9xrNwdLfx4jkKbNva9FpL6vEN7evnE43NNNJQ2LF3+0=
golang.org/x/sys v0.46.0 h1:noSf2Fq6F8DBgS+LysIkx7rIExoNHJsxOAtPp4rthXw=
golang.org/x/sys v0.46.0/go.mod h1:4GL1E5IUh+htKOUEOaiffhrAeqysfVGipDYzABqnCmw=
golang.org/x/text v0.38.0 h1:sXmwo9DwP3OK9EZ7PqAdaooSGozfl/3a6/xJcbzPRhE=
golang.org/x/text v0.38.0/go.mod h1:YXZt3QhHUKYT53r2lLKFIVi6Ao1jdzrTR/KQ09qyxF4=
golang.org/x/tools v0.46.0 h1:7jTurBkPZu4moS/Uy4OQT1M+QBlsj3wejyZwsT8Z7rk=
golang.org/x/tools v0.46.0/go.mod h1:FrD85F8l+NWL+9XWBSyVSHO6Ne4jutsfIFba7AWQ5Ys=
